PODS:
  - Concorde/Core (0.2.0)
  - SDWebImage (4.2.0):
    - SDWebImage/Core (= 4.2.0)
  - SDWebImage/Core (4.2.0)

DEPENDENCIES:
  - Concorde/Core
  - SDWebImage (from `https://github.com/rs/SDWebImage.git`)

EXTERNAL SOURCES:
  SDWebImage:
    :git: https://github.com/rs/SDWebImage.git

CHECKOUT OPTIONS:
  SDWebImage:
    :commit: 292078c0be958f3dc488848e190e8da57c1106b0
    :git: https://github.com/rs/SDWebImage.git

SPEC CHECKSUMS:
  Concorde: 7321c727200f4cbccd119249ea491c548065da29
  SDWebImage: b1189fd85365c18434270a11a5cad13a1e848d53

PODFILE CHECKSUM: 202fd9699c242a43bf3e5618d7ec2446396a4686

COCOAPODS: 1.4.0.beta.2
